
Microsoft Visual Studio Solution File, Format Version 12.00
# Visual Studio Version 17
VisualStudioVersion = 17.14.37216.2
MinimumVisualStudioVersion = 10.0.40219.1
Project("{FAE04EC0-301F-11D3-BF4B-00C04F79EFBC}") = "NZWalks.API", "NZWalks.API\NZWalks.API.csproj", "{089BA10C-D1A4-45FD-9955-DF17AD8E82FD}"
EndProject
Global
	GlobalSection(SolutionConfigurationPlatforms) = preSolution
		Debug|Any CPU = Debug|Any CPU
		Release|Any CPU = Release|Any CPU
	EndGlobalSection
	GlobalSection(ProjectConfigurationPlatforms) = postSolution
		{089BA10C-D1A4-45FD-9955-DF17AD8E82FD}.Debug|Any CPU.ActiveCfg = Debug|Any CPU
		{089BA10C-D1A4-45FD-9955-DF17AD8E82FD}.Debug|Any CPU.Build.0 = Debug|Any CPU
		{089BA10C-D1A4-45FD-9955-DF17AD8E82FD}.Release|Any CPU.ActiveCfg = Release|Any CPU
		{089BA10C-D1A4-45FD-9955-DF17AD8E82FD}.Release|Any CPU.Build.0 = Release|Any CPU
	EndGlobalSection
	GlobalSection(SolutionProperties) = preSolution
		HideSolutionNode = FALSE
	EndGlobalSection
	GlobalSection(ExtensibilityGlobals) = postSolution
		SolutionGuid = {3143520B-BA13-4335-8775-8F48BF1DBEE2}
	EndGlobalSection
EndGlobal
